
Microsoft Visual Studio Solution File, Format Version 12.00
# Visual Studio Version 17
VisualStudioVersion = 17.14.36429.23 d17.14
MinimumVisualStudioVersion = 10.0.40219.1
Project("{FAE04EC0-301F-11D3-BF4B-00C04F79EFBC}") = "BTNVbuoi2", "BTNVbuoi2.csproj", "{CB72A107-8782-46BF-9599-AC428E34156E}"
EndProject
Global
	GlobalSection(SolutionConfigurationPlatforms) = preSolution
		Debug|Any CPU = Debug|Any CPU
		Release|Any CPU = Release|Any CPU
	EndGlobalSection
	GlobalSection(ProjectConfigurationPlatforms) = postSolution
		{CB72A107-8782-46BF-9599-AC428E34156E}.Debug|Any CPU.ActiveCfg = Debug|Any CPU
		{CB72A107-8782-46BF-9599-AC428E34156E}.Debug|Any CPU.Build.0 = Debug|Any CPU
		{CB72A107-8782-46BF-9599-AC428E34156E}.Release|Any CPU.ActiveCfg = Release|Any CPU
		{CB72A107-8782-46BF-9599-AC428E34156E}.Release|Any CPU.Build.0 = Release|Any CPU
	EndGlobalSection
	GlobalSection(SolutionProperties) = preSolution
		HideSolutionNode = FALSE
	EndGlobalSection
	GlobalSection(ExtensibilityGlobals) = postSolution
		SolutionGuid = {A4DD0C4B-1DB9-44FD-8003-B9B8CC1663EB}
	EndGlobalSection
EndGlobal
